// !$*UTF8*$!
{
	archiveVersion = 1;
	classes = {
	};
	objectVersion = 56;
	objects = {

/* Begin PBXBuildFile section */
		84FFD5A12D474A7F007C5084 /* BudgetTrackerAppApp.swift in Sources */ = {isa = PBXBuildFile; fileRef = 84FFD5A02D474A7F007C5084 /* BudgetTrackerAppApp.swift */; };
		84FFD5A32D474A7F007C5084 /* ContentView.swift in Sources */ = {isa = PBXBuildFile; fileRef = 84FFD5A22D474A7F007C5084 /* ContentView.swift */; };
		84FFD5A52D474A83007C5084 /* Assets.xcassets in Resources */ = {isa = PBXBuildFile; fileRef = 84FFD5A42D474A83007C5084 /* Assets.xcassets */; };
		84FFD5A82D474A83007C5084 /* Preview Assets.xcassets in Resources */ = {isa = PBXBuildFile; fileRef = 84FFD5A72D474A83007C5084 /* Preview Assets.xcassets */; };
		84FFD5B22D474A84007C5084 /* BudgetTrackerAppTests.swift in Sources */ = {isa = PBXBuildFile; fileRef = 84FFD5B12D474A84007C5084 /* BudgetTrackerAppTests.swift */; };
		84FFD5BC2D474A84007C5084 /* BudgetTrackerAppUITests.swift in Sources */ = {isa = PBXBuildFile; fileRef = 84FFD5BB2D474A84007C5084 /* BudgetTrackerAppUITests.swift */; };
		84FFD5BE2D474A84007C5084 /* BudgetTrackerAppUITestsLaunchTests.swift in Sources */ = {isa = PBXBuildFile; fileRef = 84FFD5BD2D474A84007C5084 /* BudgetTrackerAppUITestsLaunchTests.swift */; };
		84FFD5CB2D474F21007C5084 /* TransactionFormView.swift in Sources */ = {isa = PBXBuildFile; fileRef = 84FFD5CA2D474F21007C5084 /* TransactionFormView.swift */; };
		84FFD5CD2D478874007C5084 /* TransactionStore.swift in Sources */ = {isa = PBXBuildFile; fileRef = 84FFD5CC2D478874007C5084 /* TransactionStore.swift */; };
		84FFD5CF2D47913B007C5084 /* TransactionListView.swift in Sources */ = {isa = PBXBuildFile; fileRef = 84FFD5CE2D47913B007C5084 /* TransactionListView.swift */; };
/* End PBXBuildFile section */

/* Begin PBXContainerItemProxy section */
		84FFD5AE2D474A84007C5084 /* PBXContainerItemProxy */ = {
			isa = PBXContainerItemProxy;
			containerPortal = 84FFD5952D474A7F007C5084 /* Project object */;
			proxyType = 1;
			remoteGlobalIDString = 84FFD59C2D474A7F007C5084;
			remoteInfo = BudgetTrackerApp;
		};
		84FFD5B82D474A84007C5084 /* PBXContainerItemProxy */ = {
			isa = PBXContainerItemProxy;
			containerPortal = 84FFD5952D474A7F007C5084 /* Project object */;
			proxyType = 1;
			remoteGlobalIDString = 84FFD59C2D474A7F007C5084;
			remoteInfo = BudgetTrackerApp;
		};
/* End PBXContainerItemProxy section */

/* Begin PBXFileReference section */
		84FFD59D2D474A7F007C5084 /* BudgetTrackerApp.app */ = {isa = PBXFileReference; explicitFileType = wrapper.application; includeInIndex = 0; path = BudgetTrackerApp.app; sourceTree = BUILT_PRODUCTS_DIR; };
		84FFD5A02D474A7F007C5084 /* BudgetTrackerAppApp.swift */ = {isa = PBXFileReference; lastKnownFileType = sourcecode.swift; path = BudgetTrackerAppApp.swift; sourceTree = "<group>"; };
		84FFD5A22D474A7F007C5084 /* ContentView.swift */ = {isa = PBXFileReference; lastKnownFileType = sourcecode.swift; path = ContentView.swift; sourceTree = "<group>"; };
		84FFD5A42D474A83007C5084 /* Assets.xcassets */ = {isa = PBXFileReference; lastKnownFileType = folder.assetcatalog; path = Assets.xcassets; sourceTree = "<group>"; };
		84FFD5A72D474A83007C5084 /* Preview Assets.xcassets */ = {isa = PBXFileReference; lastKnownFileType = folder.assetcatalog; path = "Preview Assets.xcassets"; sourceTree = "<group>"; };
		84FFD5AD2D474A84007C5084 /* BudgetTrackerAppTests.xctest */ = {isa = PBXFileReference; explicitFileType = wrapper.cfbundle; includeInIndex = 0; path = BudgetTrackerAppTests.xctest; sourceTree = BUILT_PRODUCTS_DIR; };
		84FFD5B12D474A84007C5084 /* BudgetTrackerAppTests.swift */ = {isa = PBXFileReference; lastKnownFileType = sourcecode.swift; path = BudgetTrackerAppTests.swift; sourceTree = "<group>"; };
		84FFD5B72D474A84007C5084 /* BudgetTrackerAppUITests.xctest */ = {isa = PBXFileReference; explicitFileType = wrapper.cfbundle; includeInIndex = 0; path = BudgetTrackerAppUITests.xctest; sourceTree = BUILT_PRODUCTS_DIR; };
		84FFD5BB2D474A84007C5084 /* BudgetTrackerAppUITests.swift */ = {isa = PBXFileReference; lastKnownFileType = sourcecode.swift; path = BudgetTrackerAppUITests.swift; sourceTree = "<group>"; };
		84FFD5BD2D474A84007C5084 /* BudgetTrackerAppUITestsLaunchTests.swift */ = {isa = PBXFileReference; lastKnownFileType = sourcecode.swift; path = BudgetTrackerAppUITestsLaunchTests.swift; sourceTree = "<group>"; };
		84FFD5CA2D474F21007C5084 /* TransactionFormView.swift */ = {isa = PBXFileReference; lastKnownFileType = sourcecode.swift; path = TransactionFormView.swift; sourceTree = "<group>"; };
		84FFD5CC2D478874007C5084 /* TransactionStore.swift */ = {isa = PBXFileReference; lastKnownFileType = sourcecode.swift; path = TransactionStore.swift; sourceTree = "<group>"; };
		84FFD5CE2D47913B007C5084 /* TransactionListView.swift */ = {isa = PBXFileReference; lastKnownFileType = sourcecode.swift; path = TransactionListView.swift; sourceTree = "<group>"; };
/* End PBXFileReference section */

/* Begin PBXFrameworksBuildPhase section */
		84FFD59A2D474A7F007C5084 /* Frameworks */ = {
			isa = PBXFrameworksBuildPhase;
			buildActionMask = 2147483647;
			files = (
			);
			runOnlyForDeploymentPostprocessing = 0;
		};
		84FFD5AA2D474A84007C5084 /* Frameworks */ = {
			isa = PBXFrameworksBuildPhase;
			buildActionMask = 2147483647;
			files = (
			);
			runOnlyForDeploymentPostprocessing = 0;
		};
		84FFD5B42D474A84007C5084 /* Frameworks */ = {
			isa = PBXFrameworksBuildPhase;
			buildActionMask = 2147483647;
			files = (
			);
			runOnlyForDeploymentPostprocessing = 0;
		};
/* End PBXFrameworksBuildPhase section */

/* Begin PBXGroup section */
		84FFD5942D474A7F007C5084 = {
			isa = PBXGroup;
			children = (
				84FFD59F2D474A7F007C5084 /* BudgetTrackerApp */,
				84FFD5B02D474A84007C5084 /* BudgetTrackerAppTests */,
				84FFD5BA2D474A84007C5084 /* BudgetTrackerAppUITests */,
				84FFD59E2D474A7F007C5084 /* Products */,
			);
			sourceTree = "<group>";
		};
		84FFD59E2D474A7F007C5084 /* Products */ = {
			isa = PBXGroup;
			children = (
				84FFD59D2D474A7F007C5084 /* BudgetTrackerApp.app */,
				84FFD5AD2D474A84007C5084 /* BudgetTrackerAppTests.xctest */,
				84FFD5B72D474A84007C5084 /* BudgetTrackerAppUITests.xctest */,
			);
			name = Products;
			sourceTree = "<group>";
		};
		84FFD59F2D474A7F007C5084 /* BudgetTrackerApp */ = {
			isa = PBXGroup;
			children = (
				84FFD5A02D474A7F007C5084 /* BudgetTrackerAppApp.swift */,
				84FFD5CC2D478874007C5084 /* TransactionStore.swift */,
				84FFD5A22D474A7F007C5084 /* ContentView.swift */,
				84FFD5CA2D474F21007C5084 /* TransactionFormView.swift */,
				84FFD5A42D474A83007C5084 /* Assets.xcassets */,
				84FFD5A62D474A83007C5084 /* Preview Content */,
				84FFD5CE2D47913B007C5084 /* TransactionListView.swift */,
			);
			path = BudgetTrackerApp;
			sourceTree = "<group>";
		};
		84FFD5A62D474A83007C5084 /* Preview Content */ = {
			isa = PBXGroup;
			children = (
				84FFD5A72D474A83007C5084 /* Preview Assets.xcassets */,
			);
			path = "Preview Content";
			sourceTree = "<group>";
		};
		84FFD5B02D474A84007C5084 /* BudgetTrackerAppTests */ = {
			isa = PBXGroup;
			children = (
				84FFD5B12D474A84007C5084 /* BudgetTrackerAppTests.swift */,
			);
			path = BudgetTrackerAppTests;
			sourceTree = "<group>";
		};
		84FFD5BA2D474A84007C5084 /* BudgetTrackerAppUITests */ = {
			isa = PBXGroup;
			children = (
				84FFD5BB2D474A84007C5084 /* BudgetTrackerAppUITests.swift */,
				84FFD5BD2D474A84007C5084 /* BudgetTrackerAppUITestsLaunchTests.swift */,
			);
			path = BudgetTrackerAppUITests;
			sourceTree = "<group>";
		};
/* End PBXGroup section */

/* Begin PBXNativeTarget section */
		84FFD59C2D474A7F007C5084 /* BudgetTrackerApp */ = {
			isa = PBXNativeTarget;
			buildConfigurationList = 84FFD5C12D474A84007C5084 /* Build configuration list for PBXNativeTarget "BudgetTrackerApp" */;
			buildPhases = (
				84FFD5992D474A7F007C5084 /* Sources */,
				84FFD59A2D474A7F007C5084 /* Frameworks */,
				84FFD59B2D474A7F007C5084 /* Resources */,
			);
			buildRules = (
			);
			dependencies = (
			);
			name = BudgetTrackerApp;
			productName = BudgetTrackerApp;
			productReference = 84FFD59D2D474A7F007C5084 /* BudgetTrackerApp.app */;
			productType = "com.apple.product-type.application";
		};
		84FFD5AC2D474A84007C5084 /* BudgetTrackerAppTests */ = {
			isa = PBXNativeTarget;
			buildConfigurationList = 84FFD5C42D474A84007C5084 /* Build configuration list for PBXNativeTarget "BudgetTrackerAppTests" */;
			buildPhases = (
				84FFD5A92D474A84007C5084 /* Sources */,
				84FFD5AA2D474A84007C5084 /* Frameworks */,
				84FFD5AB2D474A84007C5084 /* Resources */,
			);
			buildRules = (
			);
			dependencies = (
				84FFD5AF2D474A84007C5084 /* PBXTargetDependency */,
			);
			name = BudgetTrackerAppTests;
			productName = BudgetTrackerAppTests;
			productReference = 84FFD5AD2D474A84007C5084 /* BudgetTrackerAppTests.xctest */;
			productType = "com.apple.product-type.bundle.unit-test";
		};
		84FFD5B62D474A84007C5084 /* BudgetTrackerAppUITests */ = {
			isa = PBXNativeTarget;
			buildConfigurationList = 84FFD5C72D474A84007C5084 /* Build configuration list for PBXNativeTarget "BudgetTrackerAppUITests" */;
			buildPhases = (
				84FFD5B32D474A84007C5084 /* Sources */,
				84FFD5B42D474A84007C5084 /* Frameworks */,
				84FFD5B52D474A84007C5084 /* Resources */,
			);
			buildRules = (
			);
			dependencies = (
				84FFD5B92D474A84007C5084 /* PBXTargetDependency */,
			);
			name = BudgetTrackerAppUITests;
			productName = BudgetTrackerAppUITests;
			productReference = 84FFD5B72D474A84007C5084 /* BudgetTrackerAppUITests.xctest */;
			productType = "com.apple.product-type.bundle.ui-testing";
		};
/* End PBXNativeTarget section */

/* Begin PBXProject section */
		84FFD5952D474A7F007C5084 /* Project object */ = {
			isa = PBXProject;
			attributes = {
				BuildIndependentTargetsInParallel = 1;
				LastSwiftUpdateCheck = 1400;
				LastUpgradeCheck = 1400;
				TargetAttributes = {
					84FFD59C2D474A7F007C5084 = {
						CreatedOnToolsVersion = 14.0.1;
					};
					84FFD5AC2D474A84007C5084 = {
						CreatedOnToolsVersion = 14.0.1;
						TestTargetID = 84FFD59C2D474A7F007C5084;
					};
					84FFD5B62D474A84007C5084 = {
						CreatedOnToolsVersion = 14.0.1;
						TestTargetID = 84FFD59C2D474A7F007C5084;
					};
				};
			};
			buildConfigurationList = 84FFD5982D474A7F007C5084 /* Build configuration list for PBXProject "BudgetTrackerApp" */;
			compatibilityVersion = "Xcode 14.0";
			developmentRegion = en;
			hasScannedForEncodings = 0;
			knownRegions = (
				en,
				Base,
			);
			mainGroup = 84FFD5942D474A7F007C5084;
			productRefGroup = 84FFD59E2D474A7F007C5084 /* Products */;
			projectDirPath = "";
			projectRoot = "";
			targets = (
				84FFD59C2D474A7F007C5084 /* BudgetTrackerApp */,
				84FFD5AC2D474A84007C5084 /* BudgetTrackerAppTests */,
				84FFD5B62D474A84007C5084 /* BudgetTrackerAppUITests */,
			);
		};
/* End PBXProject section */

/* Begin PBXResourcesBuildPhase section */
		84FFD59B2D474A7F007C5084 /* Resources */ = {
			isa = PBXResourcesBuildPhase;
			buildActionMask = 2147483647;
			files = (
				84FFD5A82D474A83007C5084 /* Preview Assets.xcassets in Resources */,
				84FFD5A52D474A83007C5084 /* Assets.xcassets in Resources */,
			);
			runOnlyForDeploymentPostprocessing = 0;
		};
		84FFD5AB2D474A84007C5084 /* Resources */ = {
			isa = PBXResourcesBuildPhase;
			buildActionMask = 2147483647;
			files = (
			);
			runOnlyForDeploymentPostprocessing = 0;
		};
		84FFD5B52D474A84007C5084 /* Resources */ = {
			isa = PBXResourcesBuildPhase;
			buildActionMask = 2147483647;
			files = (
			);
			runOnlyForDeploymentPostprocessing = 0;
		};
/* End PBXResourcesBuildPhase section */

/* Begin PBXSourcesBuildPhase section */
		84FFD5992D474A7F007C5084 /* Sources */ = {
			isa = PBXSourcesBuildPhase;
			buildActionMask = 2147483647;
			files = (
				84FFD5CD2D478874007C5084 /* TransactionStore.swift in Sources */,
				84FFD5A32D474A7F007C5084 /* ContentView.swift in Sources */,
				84FFD5CF2D47913B007C5084 /* TransactionListView.swift in Sources */,
				84FFD5CB2D474F21007C5084 /* TransactionFormView.swift in Sources */,
				84FFD5A12D474A7F007C5084 /* BudgetTrackerAppApp.swift in Sources */,
			);
			runOnlyForDeploymentPostprocessing = 0;
		};
		84FFD5A92D474A84007C5084 /* Sources */ = {
			isa = PBXSourcesBuildPhase;
			buildActionMask = 2147483647;
			files = (
				84FFD5B22D474A84007C5084 /* BudgetTrackerAppTests.swift in Sources */,
			);
			runOnlyForDeploymentPostprocessing = 0;
		};
		84FFD5B32D474A84007C5084 /* Sources */ = {
			isa = PBXSourcesBuildPhase;
			buildActionMask = 2147483647;
			files = (
				84FFD5BE2D474A84007C5084 /* BudgetTrackerAppUITestsLaunchTests.swift in Sources */,
				84FFD5BC2D474A84007C5084 /* BudgetTrackerAppUITests.swift in Sources */,
			);
			runOnlyForDeploymentPostprocessing = 0;
		};
/* End PBXSourcesBuildPhase section */

/* Begin PBXTargetDependency section */
		84FFD5AF2D474A84007C5084 /* PBXTargetDependency */ = {
			isa = PBXTargetDependency;
			target = 84FFD59C2D474A7F007C5084 /* BudgetTrackerApp */;
			targetProxy = 84FFD5AE2D474A84007C5084 /* PBXContainerItemProxy */;
		};
		84FFD5B92D474A84007C5084 /* PBXTargetDependency */ = {
			isa = PBXTargetDependency;
			target = 84FFD59C2D474A7F007C5084 /* BudgetTrackerApp */;
			targetProxy = 84FFD5B82D474A84007C5084 /* PBXContainerItemProxy */;
		};
/* End PBXTargetDependency section */

/* Begin XCBuildConfiguration section */
		84FFD5BF2D474A84007C5084 /* Debug */ = {
			isa = XCBuildConfiguration;
			buildSettings = {
				ALWAYS_SEARCH_USER_PATHS = NO;
				CLANG_ANALYZER_NONNULL = YES;
				CLANG_ANALYZER_NUMBER_OBJECT_CONVERSION = YES_AGGRESSIVE;
				CLANG_CXX_LANGUAGE_STANDARD = "gnu++20";
				CLANG_ENABLE_MODULES = YES;
				CLANG_ENABLE_OBJC_ARC = YES;
				CLANG_ENABLE_OBJC_WEAK = YES;
				CLANG_WARN_BLOCK_CAPTURE_AUTORELEASING = YES;
				CLANG_WARN_BOOL_CONVERSION = YES;
				CLANG_WARN_COMMA = YES;
				CLANG_WARN_CONSTANT_CONVERSION = YES;
				CLANG_WARN_DEPRECATED_OBJC_IMPLEMENTATIONS = YES;
				CLANG_WARN_DIRECT_OBJC_ISA_USAGE = YES_ERROR;
				CLANG_WARN_DOCUMENTATION_COMMENTS = YES;
				CLANG_WARN_EMPTY_BODY = YES;
				CLANG_WARN_ENUM_CONVERSION = YES;
				CLANG_WARN_INFINITE_RECURSION = YES;
				CLANG_WARN_INT_CONVERSION = YES;
				CLANG_WARN_NON_LITERAL_NULL_CONVERSION = YES;
				CLANG_WARN_OBJC_IMPLICIT_RETAIN_SELF = YES;
				CLANG_WARN_OBJC_LITERAL_CONVERSION = YES;
				CLANG_WARN_OBJC_ROOT_CLASS = YES_ERROR;
				CLANG_WARN_QUOTED_INCLUDE_IN_FRAMEWORK_HEADER = YES;
				CLANG_WARN_RANGE_LOOP_ANALYSIS = YES;
				CLANG_WARN_STRICT_PROTOTYPES = YES;
				CLANG_WARN_SUSPICIOUS_MOVE = YES;
				CLANG_WARN_UNGUARDED_AVAILABILITY = YES_AGGRESSIVE;
				CLANG_WARN_UNREACHABLE_CODE = YES;
				CLANG_WARN__DUPLICATE_METHOD_MATCH = YES;
				COPY_PHASE_STRIP = NO;
				DEBUG_INFORMATION_FORMAT = dwarf;
				ENABLE_STRICT_OBJC_MSGSEND = YES;
				ENABLE_TESTABILITY = YES;
				GCC_C_LANGUAGE_STANDARD = gnu11;
				GCC_DYNAMIC_NO_PIC = NO;
				GCC_NO_COMMON_BLOCKS = YES;
				GCC_OPTIMIZATION_LEVEL = 0;
				GCC_PREPROCESSOR_DEFINITIONS = (
					"DEBUG=1",
					"$(inherited)",
				);
				GCC_WARN_64_TO_32_BIT_CONVERSION = YES;
				GCC_WARN_ABOUT_RETURN_TYPE = YES_ERROR;
				GCC_WARN_UNDECLARED_SELECTOR = YES;
				GCC_WARN_UNINITIALIZED_AUTOS = YES_AGGRESSIVE;
				GCC_WARN_UNUSED_FUNCTION = YES;
				GCC_WARN_UNUSED_VARIABLE = YES;
				IPHONEOS_DEPLOYMENT_TARGET = 16.0;
				MTL_ENABLE_DEBUG_INFO = INCLUDE_SOURCE;
				MTL_FAST_MATH = YES;
				ONLY_ACTIVE_ARCH = YES;
				SDKROOT = iphoneos;
				SWIFT_ACTIVE_COMPILATION_CONDITIONS = DEBUG;
				SWIFT_OPTIMIZATION_LEVEL = "-Onone";
			};
			name = Debug;
		};
		84FFD5C02D474A84007C5084 /* Release */ = {
			isa = XCBuildConfiguration;
			buildSettings = {
				ALWAYS_SEARCH_USER_PATHS = NO;
				CLANG_ANALYZER_NONNULL = YES;
				CLANG_ANALYZER_NUMBER_OBJECT_CONVERSION = YES_AGGRESSIVE;
				CLANG_CXX_LANGUAGE_STANDARD = "gnu++20";
				CLANG_ENABLE_MODULES = YES;
				CLANG_ENABLE_OBJC_ARC = YES;
				CLANG_ENABLE_OBJC_WEAK = YES;
				CLANG_WARN_BLOCK_CAPTURE_AUTORELEASING = YES;
				CLANG_WARN_BOOL_CONVERSION = YES;
				CLANG_WARN_COMMA = YES;
				CLANG_WARN_CONSTANT_CONVERSION = YES;
				CLANG_WARN_DEPRECATED_OBJC_IMPLEMENTATIONS = YES;
				CLANG_WARN_DIRECT_OBJC_ISA_USAGE = YES_ERROR;
				CLANG_WARN_DOCUMENTATION_COMMENTS = YES;
				CLANG_WARN_EMPTY_BODY = YES;
				CLANG_WARN_ENUM_CONVERSION = YES;
				CLANG_WARN_INFINITE_RECURSION = YES;
				CLANG_WARN_INT_CONVERSION = YES;
				CLANG_WARN_NON_LITERAL_NULL_CONVERSION = YES;
				CLANG_WARN_OBJC_IMPLICIT_RETAIN_SELF = YES;
				CLANG_WARN_OBJC_LITERAL_CONVERSION = YES;
				CLANG_WARN_OBJC_ROOT_CLASS = YES_ERROR;
				CLANG_WARN_QUOTED_INCLUDE_IN_FRAMEWORK_HEADER = YES;
				CLANG_WARN_RANGE_LOOP_ANALYSIS = YES;
				CLANG_WARN_STRICT_PROTOTYPES = YES;
				CLANG_WARN_SUSPICIOUS_MOVE = YES;
				CLANG_WARN_UNGUARDED_AVAILABILITY = YES_AGGRESSIVE;
				CLANG_WARN_UNREACHABLE_CODE = YES;
				CLANG_WARN__DUPLICATE_METHOD_MATCH = YES;
				COPY_PHASE_STRIP = NO;
				DEBUG_INFORMATION_FORMAT = "dwarf-with-dsym";
				ENABLE_NS_ASSERTIONS = NO;
				ENABLE_STRICT_OBJC_MSGSEND = YES;
				GCC_C_LANGUAGE_STANDARD = gnu11;
				GCC_NO_COMMON_BLOCKS = YES;
				GCC_WARN_64_TO_32_BIT_CONVERSION = YES;
				GCC_WARN_ABOUT_RETURN_TYPE = YES_ERROR;
				GCC_WARN_UNDECLARED_SELECTOR = YES;
				GCC_WARN_UNINITIALIZED_AUTOS = YES_AGGRESSIVE;
				GCC_WARN_UNUSED_FUNCTION = YES;
				GCC_WARN_UNUSED_VARIABLE = YES;
				IPHONEOS_DEPLOYMENT_TARGET = 16.0;
				MTL_ENABLE_DEBUG_INFO = NO;
				MTL_FAST_MATH = YES;
				SDKROOT = iphoneos;
				SWIFT_COMPILATION_MODE = wholemodule;
				SWIFT_OPTIMIZATION_LEVEL = "-O";
				VALIDATE_PRODUCT = YES;
			};
			name = Release;
		};
		84FFD5C22D474A84007C5084 /* Debug */ = {
			isa = XCBuildConfiguration;
			buildSettings = {
				ASSETCATALOG_COMPILER_APPICON_NAME = AppIcon;
				ASSETCATALOG_COMPILER_GLOBAL_ACCENT_COLOR_NAME = AccentColor;
				CODE_SIGN_STYLE = Automatic;
				CURRENT_PROJECT_VERSION = 1;
				DEVELOPMENT_ASSET_PATHS = "\"BudgetTrackerApp/Preview Content\"";
				ENABLE_PREVIEWS = YES;
				GENERATE_INFOPLIST_FILE = YES;
				INFOPLIST_KEY_UIApplicationSceneManifest_Generation = YES;
				INFOPLIST_KEY_UIApplicationSupportsIndirectInputEvents = YES;
				INFOPLIST_KEY_UILaunchScreen_Generation = YES;
				INFOPLIST_KEY_UISupportedInterfaceOrientations_iPad = "UIInterfaceOrientationPortrait UIInterfaceOrientationPortraitUpsideDown UIInterfaceOrientationLandscapeLeft UIInterfaceOrientationLandscapeRight";
				INFOPLIST_KEY_UISupportedInterfaceOrientations_iPhone = "UIInterfaceOrientationPortrait UIInterfaceOrientationLandscapeLeft UIInterfaceOrientationLandscapeRight";
				LD_RUNPATH_SEARCH_PATHS = (
					"$(inherited)",
					"@executable_path/Frameworks",
				);
				MARKETING_VERSION = 1.0;
				PRODUCT_BUNDLE_IDENTIFIER = com.example.sampleapp.BudgetTrackerApp;
				PRODUCT_NAME = "$(TARGET_NAME)";
				SWIFT_EMIT_LOC_STRINGS = YES;
				SWIFT_VERSION = 5.0;
				TARGETED_DEVICE_FAMILY = "1,2";
			};
			name = Debug;
		};
		84FFD5C32D474A84007C5084 /* Release */ = {
			isa = XCBuildConfiguration;
			buildSettings = {
				ASSETCATALOG_COMPILER_APPICON_NAME = AppIcon;
				ASSETCATALOG_COMPILER_GLOBAL_ACCENT_COLOR_NAME = AccentColor;
				CODE_SIGN_STYLE = Automatic;
				CURRENT_PROJECT_VERSION = 1;
				DEVELOPMENT_ASSET_PATHS = "\"BudgetTrackerApp/Preview Content\"";
				ENABLE_PREVIEWS = YES;
				GENERATE_INFOPLIST_FILE = YES;
				INFOPLIST_KEY_UIApplicationSceneManifest_Generation = YES;
				INFOPLIST_KEY_UIApplicationSupportsIndirectInputEvents = YES;
				INFOPLIST_KEY_UILaunchScreen_Generation = YES;
				INFOPLIST_KEY_UISupportedInterfaceOrientations_iPad = "UIInterfaceOrientationPortrait UIInterfaceOrientationPortraitUpsideDown UIInterfaceOrientationLandscapeLeft UIInterfaceOrientationLandscapeRight";
				INFOPLIST_KEY_UISupportedInterfaceOrientations_iPhone = "UIInterfaceOrientationPortrait UIInterfaceOrientationLandscapeLeft UIInterfaceOrientationLandscapeRight";
				LD_RUNPATH_SEARCH_PATHS = (
					"$(inherited)",
					"@executable_path/Frameworks",
				);
				MARKETING_VERSION = 1.0;
				PRODUCT_BUNDLE_IDENTIFIER = com.example.sampleapp.BudgetTrackerApp;
				PRODUCT_NAME = "$(TARGET_NAME)";
				SWIFT_EMIT_LOC_STRINGS = YES;
				SWIFT_VERSION = 5.0;
				TARGETED_DEVICE_FAMILY = "1,2";
			};
			name = Release;
		};
		84FFD5C52D474A84007C5084 /* Debug */ = {
			isa = XCBuildConfiguration;
			buildSettings = {
				ALWAYS_EMBED_SWIFT_STANDARD_LIBRARIES = YES;
				BUNDLE_LOADER = "$(TEST_HOST)";
				CODE_SIGN_STYLE = Automatic;
				CURRENT_PROJECT_VERSION = 1;
				GENERATE_INFOPLIST_FILE = YES;
				IPHONEOS_DEPLOYMENT_TARGET = 16.0;
				MARKETING_VERSION = 1.0;
				PRODUCT_BUNDLE_IDENTIFIER = com.example.sampleapp.BudgetTrackerAppTests;
				PRODUCT_NAME = "$(TARGET_NAME)";
				SWIFT_EMIT_LOC_STRINGS = NO;
				SWIFT_VERSION = 5.0;
				TARGETED_DEVICE_FAMILY = "1,2";
				TEST_HOST = "$(BUILT_PRODUCTS_DIR)/BudgetTrackerApp.app/$(BUNDLE_EXECUTABLE_FOLDER_PATH)/BudgetTrackerApp";
			};
			name = Debug;
		};
		84FFD5C62D474A84007C5084 /* Release */ = {
			isa = XCBuildConfiguration;
			buildSettings = {
				ALWAYS_EMBED_SWIFT_STANDARD_LIBRARIES = YES;
				BUNDLE_LOADER = "$(TEST_HOST)";
				CODE_SIGN_STYLE = Automatic;
				CURRENT_PROJECT_VERSION = 1;
				GENERATE_INFOPLIST_FILE = YES;
				IPHONEOS_DEPLOYMENT_TARGET = 16.0;
				MARKETING_VERSION = 1.0;
				PRODUCT_BUNDLE_IDENTIFIER = com.example.sampleapp.BudgetTrackerAppTests;
				PRODUCT_NAME = "$(TARGET_NAME)";
				SWIFT_EMIT_LOC_STRINGS = NO;
				SWIFT_VERSION = 5.0;
				TARGETED_DEVICE_FAMILY = "1,2";
				TEST_HOST = "$(BUILT_PRODUCTS_DIR)/BudgetTrackerApp.app/$(BUNDLE_EXECUTABLE_FOLDER_PATH)/BudgetTrackerApp";
			};
			name = Release;
		};
		84FFD5C82D474A84007C5084 /* Debug */ = {
			isa = XCBuildConfiguration;
			buildSettings = {
				ALWAYS_EMBED_SWIFT_STANDARD_LIBRARIES = YES;
				CODE_SIGN_STYLE = Automatic;
				CURRENT_PROJECT_VERSION = 1;
				GENERATE_INFOPLIST_FILE = YES;
				MARKETING_VERSION = 1.0;
				PRODUCT_BUNDLE_IDENTIFIER = com.example.sampleapp.BudgetTrackerAppUITests;
				PRODUCT_NAME = "$(TARGET_NAME)";
				SWIFT_EMIT_LOC_STRINGS = NO;
				SWIFT_VERSION = 5.0;
				TARGETED_DEVICE_FAMILY = "1,2";
				TEST_TARGET_NAME = BudgetTrackerApp;
			};
			name = Debug;
		};
		84FFD5C92D474A84007C5084 /* Release */ = {
			isa = XCBuildConfiguration;
			buildSettings = {
				ALWAYS_EMBED_SWIFT_STANDARD_LIBRARIES = YES;
				CODE_SIGN_STYLE = Automatic;
				CURRENT_PROJECT_VERSION = 1;
				GENERATE_INFOPLIST_FILE = YES;
				MARKETING_VERSION = 1.0;
				PRODUCT_BUNDLE_IDENTIFIER = com.example.sampleapp.BudgetTrackerAppUITests;
				PRODUCT_NAME = "$(TARGET_NAME)";
				SWIFT_EMIT_LOC_STRINGS = NO;
				SWIFT_VERSION = 5.0;
				TARGETED_DEVICE_FAMILY = "1,2";
				TEST_TARGET_NAME = BudgetTrackerApp;
			};
			name = Release;
		};
/* End XCBuildConfiguration section */

/* Begin XCConfigurationList section */
		84FFD5982D474A7F007C5084 /* Build configuration list for PBXProject "BudgetTrackerApp" */ = {
			isa = XCConfigurationList;
			buildConfigurations = (
				84FFD5BF2D474A84007C5084 /* Debug */,
				84FFD5C02D474A84007C5084 /* Release */,
			);
			defaultConfigurationIsVisible = 0;
			defaultConfigurationName = Release;
		};
		84FFD5C12D474A84007C5084 /* Build configuration list for PBXNativeTarget "BudgetTrackerApp" */ = {
			isa = XCConfigurationList;
			buildConfigurations = (
				84FFD5C22D474A84007C5084 /* Debug */,
				84FFD5C32D474A84007C5084 /* Release */,
			);
			defaultConfigurationIsVisible = 0;
			defaultConfigurationName = Release;
		};
		84FFD5C42D474A84007C5084 /* Build configuration list for PBXNativeTarget "BudgetTrackerAppTests" */ = {
			isa = XCConfigurationList;
			buildConfigurations = (
				84FFD5C52D474A84007C5084 /* Debug */,
				84FFD5C62D474A84007C5084 /* Release */,
			);
			defaultConfigurationIsVisible = 0;
			defaultConfigurationName = Release;
		};
		84FFD5C72D474A84007C5084 /* Build configuration list for PBXNativeTarget "BudgetTrackerAppUITests" */ = {
			isa = XCConfigurationList;
			buildConfigurations = (
				84FFD5C82D474A84007C5084 /* Debug */,
				84FFD5C92D474A84007C5084 /* Release */,
			);
			defaultConfigurationIsVisible = 0;
			defaultConfigurationName = Release;
		};
/* End XCConfigurationList section */
	};
	rootObject = 84FFD5952D474A7F007C5084 /* Project object */;
}
